{
  "name": "MILESTONE-3(PROJECT) - UPGRADED",
  "lockfileVersion": 3,
  "requires": true,
  "packages": {
    "": {
      "dependencies": {
        "@tiptap/extension-underline": "^2.10.2"
      }
    },
    "node_modules/@tiptap/extension-underline": {
      "version": "2.10.2",
      "resolved": "https://registry.npmjs.org/@tiptap/extension-underline/-/extension-underline-2.10.2.tgz",
      "integrity": "sha512-jDWGqqUYkrLgqRQDyqh+LpbkiqPfaWOoo5bydYL0u80GPEavovxZPoCJ/HDlOfdwm+FIPy55OP/29tELJRptmg==",
      "license": "MIT",
      "funding": {
        "type": "github",
        "url": "https://github.com/sponsors/ueberdosis"
      },
      "peerDependencies": {
        "@tiptap/core": "^2.7.0"
      }
    }
  }
}
